// !$*UTF8*$!
{
	archiveVersion = 1;
	classes = {
	};
	objectVersion = 55;
	objects = {

/* Begin PBXBuildFile section */
		BF0136FF28899C88002FC071 /* AppDelegate.swift in Sources */ = {isa = PBXBuildFile; fileRef = BF0136FE28899C88002FC071 /* AppDelegate.swift */; };
		BF01370128899C88002FC071 /* SceneDelegate.swift in Sources */ = {isa = PBXBuildFile; fileRef = BF01370028899C88002FC071 /* SceneDelegate.swift */; };
		BF01370328899C88002FC071 /* ViewController.swift in Sources */ = {isa = PBXBuildFile; fileRef = BF01370228899C88002FC071 /* ViewController.swift */; };
		BF01370628899C88002FC071 /* Main.storyboard in Resources */ = {isa = PBXBuildFile; fileRef = BF01370428899C88002FC071 /* Main.storyboard */; };
		BF01370828899C8B002FC071 /* Assets.xcassets in Resources */ = {isa = PBXBuildFile; fileRef = BF01370728899C8B002FC071 /* Assets.xcassets */; };
		BF01370B28899C8B002FC071 /* LaunchScreen.storyboard in Resources */ = {isa = PBXBuildFile; fileRef = BF01370928899C8B002FC071 /* LaunchScreen.storyboard */; };
		BF01371628899C8B002FC071 /* Lab6Tests.swift in Sources */ = {isa = PBXBuildFile; fileRef = BF01371528899C8B002FC071 /* Lab6Tests.swift */; };
		BF01372028899C8B002FC071 /* Lab6UITests.swift in Sources */ = {isa = PBXBuildFile; fileRef = BF01371F28899C8B002FC071 /* Lab6UITests.swift */; };
		BF01372228899C8B002FC071 /* Lab6UITestsLaunchTests.swift in Sources */ = {isa = PBXBuildFile; fileRef = BF01372128899C8B002FC071 /* Lab6UITestsLaunchTests.swift */; };
/* End PBXBuildFile section */

/* Begin PBXContainerItemProxy section */
		BF01371228899C8B002FC071 /* PBXContainerItemProxy */ = {
			isa = PBXContainerItemProxy;
			containerPortal = BF0136F328899C88002FC071 /* Project object */;
			proxyType = 1;
			remoteGlobalIDString = BF0136FA28899C88002FC071;
			remoteInfo = Lab6;
		};
		BF01371C28899C8B002FC071 /* PBXContainerItemProxy */ = {
			isa = PBXContainerItemProxy;
			containerPortal = BF0136F328899C88002FC071 /* Project object */;
			proxyType = 1;
			remoteGlobalIDString = BF0136FA28899C88002FC071;
			remoteInfo = Lab6;
		};
/* End PBXContainerItemProxy section */

/* Begin PBXFileReference section */
		BF0136FB28899C88002FC071 /* Lab6.app */ = {isa = PBXFileReference; explicitFileType = wrapper.application; includeInIndex = 0; path = Lab6.app; sourceTree = BUILT_PRODUCTS_DIR; };
		BF0136FE28899C88002FC071 /* AppDelegate.swift */ = {isa = PBXFileReference; lastKnownFileType = sourcecode.swift; path = AppDelegate.swift; sourceTree = "<group>"; };
		BF01370028899C88002FC071 /* SceneDelegate.swift */ = {isa = PBXFileReference; lastKnownFileType = sourcecode.swift; path = SceneDelegate.swift; sourceTree = "<group>"; };
		BF01370228899C88002FC071 /* ViewController.swift */ = {isa = PBXFileReference; lastKnownFileType = sourcecode.swift; path = ViewController.swift; sourceTree = "<group>"; };
		BF01370528899C88002FC071 /* Base */ = {isa = PBXFileReference; lastKnownFileType = file.storyboard; name = Base; path = Base.lproj/Main.storyboard; sourceTree = "<group>"; };
		BF01370728899C8B002FC071 /* Assets.xcassets */ = {isa = PBXFileReference; lastKnownFileType = folder.assetcatalog; path = Assets.xcassets; sourceTree = "<group>"; };
		BF01370A28899C8B002FC071 /* Base */ = {isa = PBXFileReference; lastKnownFileType = file.storyboard; name = Base; path = Base.lproj/LaunchScreen.storyboard; sourceTree = "<group>"; };
		BF01370C28899C8B002FC071 /* Info.plist */ = {isa = PBXFileReference; lastKnownFileType = text.plist.xml; path = Info.plist; sourceTree = "<group>"; };
		BF01371128899C8B002FC071 /* Lab6Tests.xctest */ = {isa = PBXFileReference; explicitFileType = wrapper.cfbundle; includeInIndex = 0; path = Lab6Tests.xctest; sourceTree = BUILT_PRODUCTS_DIR; };
		BF01371528899C8B002FC071 /* Lab6Tests.swift */ = {isa = PBXFileReference; lastKnownFileType = sourcecode.swift; path = Lab6Tests.swift; sourceTree = "<group>"; };
		BF01371B28899C8B002FC071 /* Lab6UITests.xctest */ = {isa = PBXFileReference; explicitFileType = wrapper.cfbundle; includeInIndex = 0; path = Lab6UITests.xctest; sourceTree = BUILT_PRODUCTS_DIR; };
		BF01371F28899C8B002FC071 /* Lab6UITests.swift */ = {isa = PBXFileReference; lastKnownFileType = sourcecode.swift; path = Lab6UITests.swift; sourceTree = "<group>"; };
		BF01372128899C8B002FC071 /* Lab6UITestsLaunchTests.swift */ = {isa = PBXFileReference; lastKnownFileType = sourcecode.swift; path = Lab6UITestsLaunchTests.swift; sourceTree = "<group>"; };
/* End PBXFileReference section */

/* Begin PBXFrameworksBuildPhase section */
		BF0136F828899C88002FC071 /* Frameworks */ = {
			isa = PBXFrameworksBuildPhase;
			buildActionMask = 2147483647;
			files = (
			);
			runOnlyForDeploymentPostprocessing = 0;
		};
		BF01370E28899C8B002FC071 /* Frameworks */ = {
			isa = PBXFrameworksBuildPhase;
			buildActionMask = 2147483647;
			files = (
			);
			runOnlyForDeploymentPostprocessing = 0;
		};
		BF01371828899C8B002FC071 /* Frameworks */ = {
			isa = PBXFrameworksBuildPhase;
			buildActionMask = 2147483647;
			files = (
			);
			runOnlyForDeploymentPostprocessing = 0;
		};
/* End PBXFrameworksBuildPhase section */

/* Begin PBXGroup section */
		BF0136F228899C88002FC071 = {
			isa = PBXGroup;
			children = (
				BF0136FD28899C88002FC071 /* Lab6 */,
				BF01371428899C8B002FC071 /* Lab6Tests */,
				BF01371E28899C8B002FC071 /* Lab6UITests */,
				BF0136FC28899C88002FC071 /* Products */,
			);
			sourceTree = "<group>";
		};
		BF0136FC28899C88002FC071 /* Products */ = {
			isa = PBXGroup;
			children = (
				BF0136FB28899C88002FC071 /* Lab6.app */,
				BF01371128899C8B002FC071 /* Lab6Tests.xctest */,
				BF01371B28899C8B002FC071 /* Lab6UITests.xctest */,
			);
			name = Products;
			sourceTree = "<group>";
		};
		BF0136FD28899C88002FC071 /* Lab6 */ = {
			isa = PBXGroup;
			children = (
				BF0136FE28899C88002FC071 /* AppDelegate.swift */,
				BF01370028899C88002FC071 /* SceneDelegate.swift */,
				BF01370228899C88002FC071 /* ViewController.swift */,
				BF01370428899C88002FC071 /* Main.storyboard */,
				BF01370728899C8B002FC071 /* Assets.xcassets */,
				BF01370928899C8B002FC071 /* LaunchScreen.storyboard */,
				BF01370C28899C8B002FC071 /* Info.plist */,
			);
			path = Lab6;
			sourceTree = "<group>";
		};
		BF01371428899C8B002FC071 /* Lab6Tests */ = {
			isa = PBXGroup;
			children = (
				BF01371528899C8B002FC071 /* Lab6Tests.swift */,
			);
			path = Lab6Tests;
			sourceTree = "<group>";
		};
		BF01371E28899C8B002FC071 /* Lab6UITests */ = {
			isa = PBXGroup;
			children = (
				BF01371F28899C8B002FC071 /* Lab6UITests.swift */,
				BF01372128899C8B002FC071 /* Lab6UITestsLaunchTests.swift */,
			);
			path = Lab6UITests;
			sourceTree = "<group>";
		};
/* End PBXGroup section */

/* Begin PBXNativeTarget section */
		BF0136FA28899C88002FC071 /* Lab6 */ = {
			isa = PBXNativeTarget;
			buildConfigurationList = BF01372528899C8B002FC071 /* Build configuration list for PBXNativeTarget "Lab6" */;
			buildPhases = (
				BF0136F728899C88002FC071 /* Sources */,
				BF0136F828899C88002FC071 /* Frameworks */,
				BF0136F928899C88002FC071 /* Resources */,
			);
			buildRules = (
			);
			dependencies = (
			);
			name = Lab6;
			productName = Lab6;
			productReference = BF0136FB28899C88002FC071 /* Lab6.app */;
			productType = "com.apple.product-type.application";
		};
		BF01371028899C8B002FC071 /* Lab6Tests */ = {
			isa = PBXNativeTarget;
			buildConfigurationList = BF01372828899C8B002FC071 /* Build configuration list for PBXNativeTarget "Lab6Tests" */;
			buildPhases = (
				BF01370D28899C8B002FC071 /* Sources */,
				BF01370E28899C8B002FC071 /* Frameworks */,
				BF01370F28899C8B002FC071 /* Resources */,
			);
			buildRules = (
			);
			dependencies = (
				BF01371328899C8B002FC071 /* PBXTargetDependency */,
			);
			name = Lab6Tests;
			productName = Lab6Tests;
			productReference = BF01371128899C8B002FC071 /* Lab6Tests.xctest */;
			productType = "com.apple.product-type.bundle.unit-test";
		};
		BF01371A28899C8B002FC071 /* Lab6UITests */ = {
			isa = PBXNativeTarget;
			buildConfigurationList = BF01372B28899C8B002FC071 /* Build configuration list for PBXNativeTarget "Lab6UITests" */;
			buildPhases = (
				BF01371728899C8B002FC071 /* Sources */,
				BF01371828899C8B002FC071 /* Frameworks */,
				BF01371928899C8B002FC071 /* Resources */,
			);
			buildRules = (
			);
			dependencies = (
				BF01371D28899C8B002FC071 /* PBXTargetDependency */,
			);
			name = Lab6UITests;
			productName = Lab6UITests;
			productReference = BF01371B28899C8B002FC071 /* Lab6UITests.xctest */;
			productType = "com.apple.product-type.bundle.ui-testing";
		};
/* End PBXNativeTarget section */

/* Begin PBXProject section */
		BF0136F328899C88002FC071 /* Project object */ = {
			isa = PBXProject;
			attributes = {
				BuildIndependentTargetsInParallel = 1;
				LastSwiftUpdateCheck = 1330;
				LastUpgradeCheck = 1330;
				TargetAttributes = {
					BF0136FA28899C88002FC071 = {
						CreatedOnToolsVersion = 13.3;
					};
					BF01371028899C8B002FC071 = {
						CreatedOnToolsVersion = 13.3;
						TestTargetID = BF0136FA28899C88002FC071;
					};
					BF01371A28899C8B002FC071 = {
						CreatedOnToolsVersion = 13.3;
						TestTargetID = BF0136FA28899C88002FC071;
					};
				};
			};
			buildConfigurationList = BF0136F628899C88002FC071 /* Build configuration list for PBXProject "Lab6" */;
			compatibilityVersion = "Xcode 13.0";
			developmentRegion = en;
			hasScannedForEncodings = 0;
			knownRegions = (
				en,
				Base,
			);
			mainGroup = BF0136F228899C88002FC071;
			productRefGroup = BF0136FC28899C88002FC071 /* Products */;
			projectDirPath = "";
			projectRoot = "";
			targets = (
				BF0136FA28899C88002FC071 /* Lab6 */,
				BF01371028899C8B002FC071 /* Lab6Tests */,
				BF01371A28899C8B002FC071 /* Lab6UITests */,
			);
		};
/* End PBXProject section */

/* Begin PBXResourcesBuildPhase section */
		BF0136F928899C88002FC071 /* Resources */ = {
			isa = PBXResourcesBuildPhase;
			buildActionMask = 2147483647;
			files = (
				BF01370B28899C8B002FC071 /* LaunchScreen.storyboard in Resources */,
				BF01370828899C8B002FC071 /* Assets.xcassets in Resources */,
				BF01370628899C88002FC071 /* Main.storyboard in Resources */,
			);
			runOnlyForDeploymentPostprocessing = 0;
		};
		BF01370F28899C8B002FC071 /* Resources */ = {
			isa = PBXResourcesBuildPhase;
			buildActionMask = 2147483647;
			files = (
			);
			runOnlyForDeploymentPostprocessing = 0;
		};
		BF01371928899C8B002FC071 /* Resources */ = {
			isa = PBXResourcesBuildPhase;
			buildActionMask = 2147483647;
			files = (
			);
			runOnlyForDeploymentPostprocessing = 0;
		};
/* End PBXResourcesBuildPhase section */

/* Begin PBXSourcesBuildPhase section */
		BF0136F728899C88002FC071 /* Sources */ = {
			isa = PBXSourcesBuildPhase;
			buildActionMask = 2147483647;
			files = (
				BF01370328899C88002FC071 /* ViewController.swift in Sources */,
				BF0136FF28899C88002FC071 /* AppDelegate.swift in Sources */,
				BF01370128899C88002FC071 /* SceneDelegate.swift in Sources */,
			);
			runOnlyForDeploymentPostprocessing = 0;
		};
		BF01370D28899C8B002FC071 /* Sources */ = {
			isa = PBXSourcesBuildPhase;
			buildActionMask = 2147483647;
			files = (
				BF01371628899C8B002FC071 /* Lab6Tests.swift in Sources */,
			);
			runOnlyForDeploymentPostprocessing = 0;
		};
		BF01371728899C8B002FC071 /* Sources */ = {
			isa = PBXSourcesBuildPhase;
			buildActionMask = 2147483647;
			files = (
				BF01372028899C8B002FC071 /* Lab6UITests.swift in Sources */,
				BF01372228899C8B002FC071 /* Lab6UITestsLaunchTests.swift in Sources */,
			);
			runOnlyForDeploymentPostprocessing = 0;
		};
/* End PBXSourcesBuildPhase section */

/* Begin PBXTargetDependency section */
		BF01371328899C8B002FC071 /* PBXTargetDependency */ = {
			isa = PBXTargetDependency;
			target = BF0136FA28899C88002FC071 /* Lab6 */;
			targetProxy = BF01371228899C8B002FC071 /* PBXContainerItemProxy */;
		};
		BF01371D28899C8B002FC071 /* PBXTargetDependency */ = {
			isa = PBXTargetDependency;
			target = BF0136FA28899C88002FC071 /* Lab6 */;
			targetProxy = BF01371C28899C8B002FC071 /* PBXContainerItemProxy */;
		};
/* End PBXTargetDependency section */

/* Begin PBXVariantGroup section */
		BF01370428899C88002FC071 /* Main.storyboard */ = {
			isa = PBXVariantGroup;
			children = (
				BF01370528899C88002FC071 /* Base */,
			);
			name = Main.storyboard;
			sourceTree = "<group>";
		};
		BF01370928899C8B002FC071 /* LaunchScreen.storyboard */ = {
			isa = PBXVariantGroup;
			children = (
				BF01370A28899C8B002FC071 /* Base */,
			);
			name = LaunchScreen.storyboard;
			sourceTree = "<group>";
		};
/* End PBXVariantGroup section */

/* Begin XCBuildConfiguration section */
		BF01372328899C8B002FC071 /* Debug */ = {
			isa = XCBuildConfiguration;
			buildSettings = {
				ALWAYS_SEARCH_USER_PATHS = NO;
				CLANG_ANALYZER_NONNULL = YES;
				CLANG_ANALYZER_NUMBER_OBJECT_CONVERSION = YES_AGGRESSIVE;
				CLANG_CXX_LANGUAGE_STANDARD = "gnu++17";
				CLANG_ENABLE_MODULES = YES;
				CLANG_ENABLE_OBJC_ARC = YES;
				CLANG_ENABLE_OBJC_WEAK = YES;
				CLANG_WARN_BLOCK_CAPTURE_AUTORELEASING = YES;
				CLANG_WARN_BOOL_CONVERSION = YES;
				CLANG_WARN_COMMA = YES;
				CLANG_WARN_CONSTANT_CONVERSION = YES;
				CLANG_WARN_DEPRECATED_OBJC_IMPLEMENTATIONS = YES;
				CLANG_WARN_DIRECT_OBJC_ISA_USAGE = YES_ERROR;
				CLANG_WARN_DOCUMENTATION_COMMENTS = YES;
				CLANG_WARN_EMPTY_BODY = YES;
				CLANG_WARN_ENUM_CONVERSION = YES;
				CLANG_WARN_INFINITE_RECURSION = YES;
				CLANG_WARN_INT_CONVERSION = YES;
				CLANG_WARN_NON_LITERAL_NULL_CONVERSION = YES;
				CLANG_WARN_OBJC_IMPLICIT_RETAIN_SELF = YES;
				CLANG_WARN_OBJC_LITERAL_CONVERSION = YES;
				CLANG_WARN_OBJC_ROOT_CLASS = YES_ERROR;
				CLANG_WARN_QUOTED_INCLUDE_IN_FRAMEWORK_HEADER = YES;
				CLANG_WARN_RANGE_LOOP_ANALYSIS = YES;
				CLANG_WARN_STRICT_PROTOTYPES = YES;
				CLANG_WARN_SUSPICIOUS_MOVE = YES;
				CLANG_WARN_UNGUARDED_AVAILABILITY = YES_AGGRESSIVE;
				CLANG_WARN_UNREACHABLE_CODE = YES;
				CLANG_WARN__DUPLICATE_METHOD_MATCH = YES;
				COPY_PHASE_STRIP = NO;
				DEBUG_INFORMATION_FORMAT = dwarf;
				ENABLE_STRICT_OBJC_MSGSEND = YES;
				ENABLE_TESTABILITY = YES;
				GCC_C_LANGUAGE_STANDARD = gnu11;
				GCC_DYNAMIC_NO_PIC = NO;
				GCC_NO_COMMON_BLOCKS = YES;
				GCC_OPTIMIZATION_LEVEL = 0;
				GCC_PREPROCESSOR_DEFINITIONS = (
					"DEBUG=1",
					"$(inherited)",
				);
				GCC_WARN_64_TO_32_BIT_CONVERSION = YES;
				GCC_WARN_ABOUT_RETURN_TYPE = YES_ERROR;
				GCC_WARN_UNDECLARED_SELECTOR = YES;
				GCC_WARN_UNINITIALIZED_AUTOS = YES_AGGRESSIVE;
				GCC_WARN_UNUSED_FUNCTION = YES;
				GCC_WARN_UNUSED_VARIABLE = YES;
				IPHONEOS_DEPLOYMENT_TARGET = 15.4;
				MTL_ENABLE_DEBUG_INFO = INCLUDE_SOURCE;
				MTL_FAST_MATH = YES;
				ONLY_ACTIVE_ARCH = YES;
				SDKROOT = iphoneos;
				SWIFT_ACTIVE_COMPILATION_CONDITIONS = DEBUG;
				SWIFT_OPTIMIZATION_LEVEL = "-Onone";
			};
			name = Debug;
		};
		BF01372428899C8B002FC071 /* Release */ = {
			isa = XCBuildConfiguration;
			buildSettings = {
				ALWAYS_SEARCH_USER_PATHS = NO;
				CLANG_ANALYZER_NONNULL = YES;
				CLANG_ANALYZER_NUMBER_OBJECT_CONVERSION = YES_AGGRESSIVE;
				CLANG_CXX_LANGUAGE_STANDARD = "gnu++17";
				CLANG_ENABLE_MODULES = YES;
				CLANG_ENABLE_OBJC_ARC = YES;
				CLANG_ENABLE_OBJC_WEAK = YES;
				CLANG_WARN_BLOCK_CAPTURE_AUTORELEASING = YES;
				CLANG_WARN_BOOL_CONVERSION = YES;
				CLANG_WARN_COMMA = YES;
				CLANG_WARN_CONSTANT_CONVERSION = YES;
				CLANG_WARN_DEPRECATED_OBJC_IMPLEMENTATIONS = YES;
				CLANG_WARN_DIRECT_OBJC_ISA_USAGE = YES_ERROR;
				CLANG_WARN_DOCUMENTATION_COMMENTS = YES;
				CLANG_WARN_EMPTY_BODY = YES;
				CLANG_WARN_ENUM_CONVERSION = YES;
				CLANG_WARN_INFINITE_RECURSION = YES;
				CLANG_WARN_INT_CONVERSION = YES;
				CLANG_WARN_NON_LITERAL_NULL_CONVERSION = YES;
				CLANG_WARN_OBJC_IMPLICIT_RETAIN_SELF = YES;
				CLANG_WARN_OBJC_LITERAL_CONVERSION = YES;
				CLANG_WARN_OBJC_ROOT_CLASS = YES_ERROR;
				CLANG_WARN_QUOTED_INCLUDE_IN_FRAMEWORK_HEADER = YES;
				CLANG_WARN_RANGE_LOOP_ANALYSIS = YES;
				CLANG_WARN_STRICT_PROTOTYPES = YES;
				CLANG_WARN_SUSPICIOUS_MOVE = YES;
				CLANG_WARN_UNGUARDED_AVAILABILITY = YES_AGGRESSIVE;
				CLANG_WARN_UNREACHABLE_CODE = YES;
				CLANG_WARN__DUPLICATE_METHOD_MATCH = YES;
				COPY_PHASE_STRIP = NO;
				DEBUG_INFORMATION_FORMAT = "dwarf-with-dsym";
				ENABLE_NS_ASSERTIONS = NO;
				ENABLE_STRICT_OBJC_MSGSEND = YES;
				GCC_C_LANGUAGE_STANDARD = gnu11;
				GCC_NO_COMMON_BLOCKS = YES;
				GCC_WARN_64_TO_32_BIT_CONVERSION = YES;
				GCC_WARN_ABOUT_RETURN_TYPE = YES_ERROR;
				GCC_WARN_UNDECLARED_SELECTOR = YES;
				GCC_WARN_UNINITIALIZED_AUTOS = YES_AGGRESSIVE;
				GCC_WARN_UNUSED_FUNCTION = YES;
				GCC_WARN_UNUSED_VARIABLE = YES;
				IPHONEOS_DEPLOYMENT_TARGET = 15.4;
				MTL_ENABLE_DEBUG_INFO = NO;
				MTL_FAST_MATH = YES;
				SDKROOT = iphoneos;
				SWIFT_COMPILATION_MODE = wholemodule;
				SWIFT_OPTIMIZATION_LEVEL = "-O";
				VALIDATE_PRODUCT = YES;
			};
			name = Release;
		};
		BF01372628899C8B002FC071 /* Debug */ = {
			isa = XCBuildConfiguration;
			buildSettings = {
				ASSETCATALOG_COMPILER_APPICON_NAME = AppIcon;
				ASSETCATALOG_COMPILER_GLOBAL_ACCENT_COLOR_NAME = AccentColor;
				CODE_SIGN_STYLE = Automatic;
				CURRENT_PROJECT_VERSION = 1;
				DEVELOPMENT_TEAM = CN4C99M57T;
				GENERATE_INFOPLIST_FILE = YES;
				INFOPLIST_FILE = Lab6/Info.plist;
				INFOPLIST_KEY_UIApplicationSupportsIndirectInputEvents = YES;
				INFOPLIST_KEY_UILaunchStoryboardName = LaunchScreen;
				INFOPLIST_KEY_UIMainStoryboardFile = Main;
				INFOPLIST_KEY_UISupportedInterfaceOrientations_iPad = "UIInterfaceOrientationPortrait UIInterfaceOrientationPortraitUpsideDown UIInterfaceOrientationLandscapeLeft UIInterfaceOrientationLandscapeRight";
				INFOPLIST_KEY_UISupportedInterfaceOrientations_iPhone = "UIInterfaceOrientationPortrait UIInterfaceOrientationLandscapeLeft UIInterfaceOrientationLandscapeRight";
				LD_RUNPATH_SEARCH_PATHS = (
					"$(inherited)",
					"@executable_path/Frameworks",
				);
				MARKETING_VERSION = 1.0;
				PRODUCT_BUNDLE_IDENTIFIER = conestoga.Lab6;
				PRODUCT_NAME = "$(TARGET_NAME)";
				SWIFT_EMIT_LOC_STRINGS = YES;
				SWIFT_VERSION = 5.0;
				TARGETED_DEVICE_FAMILY = "1,2";
			};
			name = Debug;
		};
		BF01372728899C8B002FC071 /* Release */ = {
			isa = XCBuildConfiguration;
			buildSettings = {
				ASSETCATALOG_COMPILER_APPICON_NAME = AppIcon;
				ASSETCATALOG_COMPILER_GLOBAL_ACCENT_COLOR_NAME = AccentColor;
				CODE_SIGN_STYLE = Automatic;
				CURRENT_PROJECT_VERSION = 1;
				DEVELOPMENT_TEAM = CN4C99M57T;
				GENERATE_INFOPLIST_FILE = YES;
				INFOPLIST_FILE = Lab6/Info.plist;
				INFOPLIST_KEY_UIApplicationSupportsIndirectInputEvents = YES;
				INFOPLIST_KEY_UILaunchStoryboardName = LaunchScreen;
				INFOPLIST_KEY_UIMainStoryboardFile = Main;
				INFOPLIST_KEY_UISupportedInterfaceOrientations_iPad = "UIInterfaceOrientationPortrait UIInterfaceOrientationPortraitUpsideDown UIInterfaceOrientationLandscapeLeft UIInterfaceOrientationLandscapeRight";
				INFOPLIST_KEY_UISupportedInterfaceOrientations_iPhone = "UIInterfaceOrientationPortrait UIInterfaceOrientationLandscapeLeft UIInterfaceOrientationLandscapeRight";
				LD_RUNPATH_SEARCH_PATHS = (
					"$(inherited)",
					"@executable_path/Frameworks",
				);
				MARKETING_VERSION = 1.0;
				PRODUCT_BUNDLE_IDENTIFIER = conestoga.Lab6;
				PRODUCT_NAME = "$(TARGET_NAME)";
				SWIFT_EMIT_LOC_STRINGS = YES;
				SWIFT_VERSION = 5.0;
				TARGETED_DEVICE_FAMILY = "1,2";
			};
			name = Release;
		};
		BF01372928899C8B002FC071 /* Debug */ = {
			isa = XCBuildConfiguration;
			buildSettings = {
				ALWAYS_EMBED_SWIFT_STANDARD_LIBRARIES = YES;
				BUNDLE_LOADER = "$(TEST_HOST)";
				CODE_SIGN_STYLE = Automatic;
				CURRENT_PROJECT_VERSION = 1;
				DEVELOPMENT_TEAM = CN4C99M57T;
				GENERATE_INFOPLIST_FILE = YES;
				IPHONEOS_DEPLOYMENT_TARGET = 15.4;
				MARKETING_VERSION = 1.0;
				PRODUCT_BUNDLE_IDENTIFIER = conestoga.Lab6Tests;
				PRODUCT_NAME = "$(TARGET_NAME)";
				SWIFT_EMIT_LOC_STRINGS = NO;
				SWIFT_VERSION = 5.0;
				TARGETED_DEVICE_FAMILY = "1,2";
				TEST_HOST = "$(BUILT_PRODUCTS_DIR)/Lab6.app/Lab6";
			};
			name = Debug;
		};
		BF01372A28899C8B002FC071 /* Release */ = {
			isa = XCBuildConfiguration;
			buildSettings = {
				ALWAYS_EMBED_SWIFT_STANDARD_LIBRARIES = YES;
				BUNDLE_LOADER = "$(TEST_HOST)";
				CODE_SIGN_STYLE = Automatic;
				CURRENT_PROJECT_VERSION = 1;
				DEVELOPMENT_TEAM = CN4C99M57T;
				GENERATE_INFOPLIST_FILE = YES;
				IPHONEOS_DEPLOYMENT_TARGET = 15.4;
				MARKETING_VERSION = 1.0;
				PRODUCT_BUNDLE_IDENTIFIER = conestoga.Lab6Tests;
				PRODUCT_NAME = "$(TARGET_NAME)";
				SWIFT_EMIT_LOC_STRINGS = NO;
				SWIFT_VERSION = 5.0;
				TARGETED_DEVICE_FAMILY = "1,2";
				TEST_HOST = "$(BUILT_PRODUCTS_DIR)/Lab6.app/Lab6";
			};
			name = Release;
		};
		BF01372C28899C8B002FC071 /* Debug */ = {
			isa = XCBuildConfiguration;
			buildSettings = {
				ALWAYS_EMBED_SWIFT_STANDARD_LIBRARIES = YES;
				CODE_SIGN_STYLE = Automatic;
				CURRENT_PROJECT_VERSION = 1;
				DEVELOPMENT_TEAM = CN4C99M57T;
				GENERATE_INFOPLIST_FILE = YES;
				MARKETING_VERSION = 1.0;
				PRODUCT_BUNDLE_IDENTIFIER = conestoga.Lab6UITests;
				PRODUCT_NAME = "$(TARGET_NAME)";
				SWIFT_EMIT_LOC_STRINGS = NO;
				SWIFT_VERSION = 5.0;
				TARGETED_DEVICE_FAMILY = "1,2";
				TEST_TARGET_NAME = Lab6;
			};
			name = Debug;
		};
		BF01372D28899C8B002FC071 /* Release */ = {
			isa = XCBuildConfiguration;
			buildSettings = {
				ALWAYS_EMBED_SWIFT_STANDARD_LIBRARIES = YES;
				CODE_SIGN_STYLE = Automatic;
				CURRENT_PROJECT_VERSION = 1;
				DEVELOPMENT_TEAM = CN4C99M57T;
				GENERATE_INFOPLIST_FILE = YES;
				MARKETING_VERSION = 1.0;
				PRODUCT_BUNDLE_IDENTIFIER = conestoga.Lab6UITests;
				PRODUCT_NAME = "$(TARGET_NAME)";
				SWIFT_EMIT_LOC_STRINGS = NO;
				SWIFT_VERSION = 5.0;
				TARGETED_DEVICE_FAMILY = "1,2";
				TEST_TARGET_NAME = Lab6;
			};
			name = Release;
		};
/* End XCBuildConfiguration section */

/* Begin XCConfigurationList section */
		BF0136F628899C88002FC071 /* Build configuration list for PBXProject "Lab6" */ = {
			isa = XCConfigurationList;
			buildConfigurations = (
				BF01372328899C8B002FC071 /* Debug */,
				BF01372428899C8B002FC071 /* Release */,
			);
			defaultConfigurationIsVisible = 0;
			defaultConfigurationName = Release;
		};
		BF01372528899C8B002FC071 /* Build configuration list for PBXNativeTarget "Lab6" */ = {
			isa = XCConfigurationList;
			buildConfigurations = (
				BF01372628899C8B002FC071 /* Debug */,
				BF01372728899C8B002FC071 /* Release */,
			);
			defaultConfigurationIsVisible = 0;
			defaultConfigurationName = Release;
		};
		BF01372828899C8B002FC071 /* Build configuration list for PBXNativeTarget "Lab6Tests" */ = {
			isa = XCConfigurationList;
			buildConfigurations = (
				BF01372928899C8B002FC071 /* Debug */,
				BF01372A28899C8B002FC071 /* Release */,
			);
			defaultConfigurationIsVisible = 0;
			defaultConfigurationName = Release;
		};
		BF01372B28899C8B002FC071 /* Build configuration list for PBXNativeTarget "Lab6UITests" */ = {
			isa = XCConfigurationList;
			buildConfigurations = (
				BF01372C28899C8B002FC071 /* Debug */,
				BF01372D28899C8B002FC071 /* Release */,
			);
			defaultConfigurationIsVisible = 0;
			defaultConfigurationName = Release;
		};
/* End XCConfigurationList section */
	};
	rootObject = BF0136F328899C88002FC071 /* Project object */;
}
